
Microsoft Visual Studio Solution File, Format Version 12.00
# Visual Studio 15
VisualStudioVersion = 15.0.28307.489
MinimumVisualStudioVersion = 10.0.40219.1
Project("{FAE04EC0-301F-11D3-BF4B-00C04F79EFBC}") = "Kursach", "Kursach\Kursach.csproj", "{FE06EEF4-9C68-4DD1-BE70-3A6BBBEC624A}"
EndProject
Global
	GlobalSection(SolutionConfigurationPlatforms) = preSolution
		Debug|Any CPU = Debug|Any CPU
		Release|Any CPU = Release|Any CPU
	EndGlobalSection
	GlobalSection(ProjectConfigurationPlatforms) = postSolution
		{FE06EEF4-9C68-4DD1-BE70-3A6BBBEC624A}.Debug|Any CPU.ActiveCfg = Debug|Any CPU
		{FE06EEF4-9C68-4DD1-BE70-3A6BBBEC624A}.Debug|Any CPU.Build.0 = Debug|Any CPU
		{FE06EEF4-9C68-4DD1-BE70-3A6BBBEC624A}.Release|Any CPU.ActiveCfg = Release|Any CPU
		{FE06EEF4-9C68-4DD1-BE70-3A6BBBEC624A}.Release|Any CPU.Build.0 = Release|Any CPU
	EndGlobalSection
	GlobalSection(SolutionProperties) = preSolution
		HideSolutionNode = FALSE
	EndGlobalSection
	GlobalSection(ExtensibilityGlobals) = postSolution
		SolutionGuid = {6595AE07-02E3-4020-8519-28FBB21E8FCB}
	EndGlobalSection
EndGlobal
